
Microsoft Visual Studio Solution File, Format Version 12.00
# Visual Studio 15
VisualStudioVersion = 15.0.27130.2010
MinimumVisualStudioVersion = 10.0.40219.1
Project("{F184B08F-C81C-45F6-A57F-5ABD9991F28F}") = "FinalProject", "FinalProject\FinalProject.vbproj", "{CFC3A564-A655-40DF-8907-190EA2455D04}"
EndProject
Global
	GlobalSection(SolutionConfigurationPlatforms) = preSolution
		Debug|Any CPU = Debug|Any CPU
		Release|Any CPU = Release|Any CPU
	EndGlobalSection
	GlobalSection(ProjectConfigurationPlatforms) = postSolution
		{CFC3A564-A655-40DF-8907-190EA2455D04}.Debug|Any CPU.ActiveCfg = Debug|Any CPU
		{CFC3A564-A655-40DF-8907-190EA2455D04}.Debug|Any CPU.Build.0 = Debug|Any CPU
		{CFC3A564-A655-40DF-8907-190EA2455D04}.Release|Any CPU.ActiveCfg = Release|Any CPU
		{CFC3A564-A655-40DF-8907-190EA2455D04}.Release|Any CPU.Build.0 = Release|Any CPU
	EndGlobalSection
	GlobalSection(SolutionProperties) = preSolution
		HideSolutionNode = FALSE
	EndGlobalSection
	GlobalSection(ExtensibilityGlobals) = postSolution
		SolutionGuid = {ECDDBC53-3B0F-4573-A841-0500305F154E}
	EndGlobalSection
EndGlobal
